{
  "name": "oucs-engine",
  "version": "1.0.0",
  "lockfileVersion": 3,
  "requires": true,
  "packages": {
    "": {
      "name": "oucs-engine",
      "version": "1.0.0",
      "license": "MIT",
      "dependencies": {
        "@parthhariom/oucs": "^1.0.0",
        "oucs-engine": "^1.0.0"
      },
      "engines": {
        "node": ">=14.0.0"
      }
    },
    "node_modules/@parthhariom/oucs": {
      "version": "1.0.0",
      "resolved": "https://registry.npmjs.org/@parthhariom/oucs/-/oucs-1.0.0.tgz",
      "integrity": "sha512-rKywdvbSE+pV6VbvzxM/xCFEF87ImohVq1EjMAhmfu/N3sbzN4WJ8yqn3ZJfPlglmvcAzconlmAJp1UlPRzfNw==",
      "license": "MIT",
      "engines": {
        "node": ">=14.0.0"
      }
    },
    "node_modules/oucs-engine": {
      "version": "1.0.0",
      "resolved": "https://registry.npmjs.org/oucs-engine/-/oucs-engine-1.0.0.tgz",
      "integrity": "sha512-wUG7Fp4VzzNHH7FH/D8mUH9coq6v3Xg2kLjZZJYNirv5Rj5SrbuYzoY6LBhVBaDroZwc4Hj1hgHeMfRlP9CB6A==",
      "license": "MIT",
      "dependencies": {
        "@parthhariom/oucs": "^1.0.0"
      },
      "engines": {
        "node": ">=14.0.0"
      }
    }
  }
}
